// !$*UTF8*$!
{
	archiveVersion = 1;
	classes = {
	};
	objectVersion = 46;
	objects = {

/* Begin PBXBuildFile section */
		F3CA38771A76DA76004E262E /* AppDelegate.swift in Sources */ = {isa = PBXBuildFile; fileRef = F3CA38761A76DA76004E262E /* AppDelegate.swift */; };
		F3CA38791A76DA76004E262E /* ViewController.swift in Sources */ = {isa = PBXBuildFile; fileRef = F3CA38781A76DA76004E262E /* ViewController.swift */; };
		F3CA387C1A76DA76004E262E /* Main.storyboard in Resources */ = {isa = PBXBuildFile; fileRef = F3CA387A1A76DA76004E262E /* Main.storyboard */; };
		F3CA387E1A76DA76004E262E /* Images.xcassets in Resources */ = {isa = PBXBuildFile; fileRef = F3CA387D1A76DA76004E262E /* Images.xcassets */; };
		F3CA38811A76DA76004E262E /* LaunchScreen.xib in Resources */ = {isa = PBXBuildFile; fileRef = F3CA387F1A76DA76004E262E /* LaunchScreen.xib */; };
		F3CA388D1A76DA77004E262E /* PostcardTests.swift in Sources */ = {isa = PBXBuildFile; fileRef = F3CA388C1A76DA77004E262E /* PostcardTests.swift */; };
/* End PBXBuildFile section */

/* Begin PBXContainerItemProxy section */
		F3CA38871A76DA77004E262E /* PBXContainerItemProxy */ = {
			isa = PBXContainerItemProxy;
			containerPortal = F3CA38691A76DA76004E262E /* Project object */;
			proxyType = 1;
			remoteGlobalIDString = F3CA38701A76DA76004E262E;
			remoteInfo = Postcard;
		};
/* End PBXContainerItemProxy section */

/* Begin PBXFileReference section */
		F3CA38711A76DA76004E262E /* Postcard.app */ = {isa = PBXFileReference; explicitFileType = wrapper.application; includeInIndex = 0; path = Postcard.app; sourceTree = BUILT_PRODUCTS_DIR; };
		F3CA38751A76DA76004E262E /* Info.plist */ = {isa = PBXFileReference; lastKnownFileType = text.plist.xml; path = Info.plist; sourceTree = "<group>"; };
		F3CA38761A76DA76004E262E /* AppDelegate.swift */ = {isa = PBXFileReference; lastKnownFileType = sourcecode.swift; path = AppDelegate.swift; sourceTree = "<group>"; };
		F3CA38781A76DA76004E262E /* ViewController.swift */ = {isa = PBXFileReference; lastKnownFileType = sourcecode.swift; path = ViewController.swift; sourceTree = "<group>"; };
		F3CA387B1A76DA76004E262E /* Base */ = {isa = PBXFileReference; lastKnownFileType = file.storyboard; name = Base; path = Base.lproj/Main.storyboard; sourceTree = "<group>"; };
		F3CA387D1A76DA76004E262E /* Images.xcassets */ = {isa = PBXFileReference; lastKnownFileType = folder.assetcatalog; path = Images.xcassets; sourceTree = "<group>"; };
		F3CA38801A76DA76004E262E /* Base */ = {isa = PBXFileReference; lastKnownFileType = file.xib; name = Base; path = Base.lproj/LaunchScreen.xib; sourceTree = "<group>"; };
		F3CA38861A76DA77004E262E /* PostcardTests.xctest */ = {isa = PBXFileReference; explicitFileType = wrapper.cfbundle; includeInIndex = 0; path = PostcardTests.xctest; sourceTree = BUILT_PRODUCTS_DIR; };
		F3CA388B1A76DA77004E262E /* Info.plist */ = {isa = PBXFileReference; lastKnownFileType = text.plist.xml; path = Info.plist; sourceTree = "<group>"; };
		F3CA388C1A76DA77004E262E /* PostcardTests.swift */ = {isa = PBXFileReference; lastKnownFileType = sourcecode.swift; path = PostcardTests.swift; sourceTree = "<group>"; };
/* End PBXFileReference section */

/* Begin PBXFrameworksBuildPhase section */
		F3CA386E1A76DA76004E262E /* Frameworks */ = {
			isa = PBXFrameworksBuildPhase;
			buildActionMask = 2147483647;
			files = (
			);
			runOnlyForDeploymentPostprocessing = 0;
		};
		F3CA38831A76DA77004E262E /* Frameworks */ = {
			isa = PBXFrameworksBuildPhase;
			buildActionMask = 2147483647;
			files = (
			);
			runOnlyForDeploymentPostprocessing = 0;
		};
/* End PBXFrameworksBuildPhase section */

/* Begin PBXGroup section */
		F3CA38681A76DA76004E262E = {
			isa = PBXGroup;
			children = (
				F3CA38731A76DA76004E262E /* Postcard */,
				F3CA38891A76DA77004E262E /* PostcardTests */,
				F3CA38721A76DA76004E262E /* Products */,
			);
			sourceTree = "<group>";
		};
		F3CA38721A76DA76004E262E /* Products */ = {
			isa = PBXGroup;
			children = (
				F3CA38711A76DA76004E262E /* Postcard.app */,
				F3CA38861A76DA77004E262E /* PostcardTests.xctest */,
			);
			name = Products;
			sourceTree = "<group>";
		};
		F3CA38731A76DA76004E262E /* Postcard */ = {
			isa = PBXGroup;
			children = (
				F3CA38761A76DA76004E262E /* AppDelegate.swift */,
				F3CA38781A76DA76004E262E /* ViewController.swift */,
				F3CA387A1A76DA76004E262E /* Main.storyboard */,
				F3CA387D1A76DA76004E262E /* Images.xcassets */,
				F3CA387F1A76DA76004E262E /* LaunchScreen.xib */,
				F3CA38741A76DA76004E262E /* Supporting Files */,
			);
			path = Postcard;
			sourceTree = "<group>";
		};
		F3CA38741A76DA76004E262E /* Supporting Files */ = {
			isa = PBXGroup;
			children = (
				F3CA38751A76DA76004E262E /* Info.plist */,
			);
			name = "Supporting Files";
			sourceTree = "<group>";
		};
		F3CA38891A76DA77004E262E /* PostcardTests */ = {
			isa = PBXGroup;
			children = (
				F3CA388C1A76DA77004E262E /* PostcardTests.swift */,
				F3CA388A1A76DA77004E262E /* Supporting Files */,
			);
			path = PostcardTests;
			sourceTree = "<group>";
		};
		F3CA388A1A76DA77004E262E /* Supporting Files */ = {
			isa = PBXGroup;
			children = (
				F3CA388B1A76DA77004E262E /* Info.plist */,
			);
			name = "Supporting Files";
			sourceTree = "<group>";
		};
/* End PBXGroup section */

/* Begin PBXNativeTarget section */
		F3CA38701A76DA76004E262E /* Postcard */ = {
			isa = PBXNativeTarget;
			buildConfigurationList = F3CA38901A76DA77004E262E /* Build configuration list for PBXNativeTarget "Postcard" */;
			buildPhases = (
				F3CA386D1A76DA76004E262E /* Sources */,
				F3CA386E1A76DA76004E262E /* Frameworks */,
				F3CA386F1A76DA76004E262E /* Resources */,
			);
			buildRules = (
			);
			dependencies = (
			);
			name = Postcard;
			productName = Postcard;
			productReference = F3CA38711A76DA76004E262E /* Postcard.app */;
			productType = "com.apple.product-type.application";
		};
		F3CA38851A76DA77004E262E /* PostcardTests */ = {
			isa = PBXNativeTarget;
			buildConfigurationList = F3CA38931A76DA77004E262E /* Build configuration list for PBXNativeTarget "PostcardTests" */;
			buildPhases = (
				F3CA38821A76DA77004E262E /* Sources */,
				F3CA38831A76DA77004E262E /* Frameworks */,
				F3CA38841A76DA77004E262E /* Resources */,
			);
			buildRules = (
			);
			dependencies = (
				F3CA38881A76DA77004E262E /* PBXTargetDependency */,
			);
			name = PostcardTests;
			productName = PostcardTests;
			productReference = F3CA38861A76DA77004E262E /* PostcardTests.xctest */;
			productType = "com.apple.product-type.bundle.unit-test";
		};
/* End PBXNativeTarget section */

/* Begin PBXProject section */
		F3CA38691A76DA76004E262E /* Project object */ = {
			isa = PBXProject;
			attributes = {
				LastUpgradeCheck = 0610;
				ORGANIZATIONNAME = "Billy Mizrahi";
				TargetAttributes = {
					F3CA38701A76DA76004E262E = {
						CreatedOnToolsVersion = 6.1.1;
					};
					F3CA38851A76DA77004E262E = {
						CreatedOnToolsVersion = 6.1.1;
						TestTargetID = F3CA38701A76DA76004E262E;
					};
				};
			};
			buildConfigurationList = F3CA386C1A76DA76004E262E /* Build configuration list for PBXProject "Postcard" */;
			compatibilityVersion = "Xcode 3.2";
			developmentRegion = English;
			hasScannedForEncodings = 0;
			knownRegions = (
				en,
				Base,
			);
			mainGroup = F3CA38681A76DA76004E262E;
			productRefGroup = F3CA38721A76DA76004E262E /* Products */;
			projectDirPath = "";
			projectRoot = "";
			targets = (
				F3CA38701A76DA76004E262E /* Postcard */,
				F3CA38851A76DA77004E262E /* PostcardTests */,
			);
		};
/* End PBXProject section */

/* Begin PBXResourcesBuildPhase section */
		F3CA386F1A76DA76004E262E /* Resources */ = {
			isa = PBXResourcesBuildPhase;
			buildActionMask = 2147483647;
			files = (
				F3CA387C1A76DA76004E262E /* Main.storyboard in Resources */,
				F3CA38811A76DA76004E262E /* LaunchScreen.xib in Resources */,
				F3CA387E1A76DA76004E262E /* Images.xcassets in Resources */,
			);
			runOnlyForDeploymentPostprocessing = 0;
		};
		F3CA38841A76DA77004E262E /* Resources */ = {
			isa = PBXResourcesBuildPhase;
			buildActionMask = 2147483647;
			files = (
			);
			runOnlyForDeploymentPostprocessing = 0;
		};
/* End PBXResourcesBuildPhase section */

/* Begin PBXSourcesBuildPhase section */
		F3CA386D1A76DA76004E262E /* Sources */ = {
			isa = PBXSourcesBuildPhase;
			buildActionMask = 2147483647;
			files = (
				F3CA38791A76DA76004E262E /* ViewController.swift in Sources */,
				F3CA38771A76DA76004E262E /* AppDelegate.swift in Sources */,
			);
			runOnlyForDeploymentPostprocessing = 0;
		};
		F3CA38821A76DA77004E262E /* Sources */ = {
			isa = PBXSourcesBuildPhase;
			buildActionMask = 2147483647;
			files = (
				F3CA388D1A76DA77004E262E /* PostcardTests.swift in Sources */,
			);
			runOnlyForDeploymentPostprocessing = 0;
		};
/* End PBXSourcesBuildPhase section */

/* Begin PBXTargetDependency section */
		F3CA38881A76DA77004E262E /* PBXTargetDependency */ = {
			isa = PBXTargetDependency;
			target = F3CA38701A76DA76004E262E /* Postcard */;
			targetProxy = F3CA38871A76DA77004E262E /* PBXContainerItemProxy */;
		};
/* End PBXTargetDependency section */

/* Begin PBXVariantGroup section */
		F3CA387A1A76DA76004E262E /* Main.storyboard */ = {
			isa = PBXVariantGroup;
			children = (
				F3CA387B1A76DA76004E262E /* Base */,
			);
			name = Main.storyboard;
			sourceTree = "<group>";
		};
		F3CA387F1A76DA76004E262E /* LaunchScreen.xib */ = {
			isa = PBXVariantGroup;
			children = (
				F3CA38801A76DA76004E262E /* Base */,
			);
			name = LaunchScreen.xib;
			sourceTree = "<group>";
		};
/* End PBXVariantGroup section */

/* Begin XCBuildConfiguration section */
		F3CA388E1A76DA77004E262E /* Debug */ = {
			isa = XCBuildConfiguration;
			buildSettings = {
				ALWAYS_SEARCH_USER_PATHS = NO;
				CLANG_CXX_LANGUAGE_STANDARD = "gnu++0x";
				CLANG_CXX_LIBRARY = "libc++";
				CLANG_ENABLE_MODULES = YES;
				CLANG_ENABLE_OBJC_ARC = YES;
				CLANG_WARN_BOOL_CONVERSION = YES;
				CLANG_WARN_CONSTANT_CONVERSION = YES;
				CLANG_WARN_DIRECT_OBJC_ISA_USAGE = YES_ERROR;
				CLANG_WARN_EMPTY_BODY = YES;
				CLANG_WARN_ENUM_CONVERSION = YES;
				CLANG_WARN_INT_CONVERSION = YES;
				CLANG_WARN_OBJC_ROOT_CLASS = YES_ERROR;
				CLANG_WARN_UNREACHABLE_CODE = YES;
				CLANG_WARN__DUPLICATE_METHOD_MATCH = YES;
				"CODE_SIGN_IDENTITY[sdk=iphoneos*]" = "iPhone Developer";
				COPY_PHASE_STRIP = NO;
				ENABLE_STRICT_OBJC_MSGSEND = YES;
				GCC_C_LANGUAGE_STANDARD = gnu99;
				GCC_DYNAMIC_NO_PIC = NO;
				GCC_OPTIMIZATION_LEVEL = 0;
				GCC_PREPROCESSOR_DEFINITIONS = (
					"DEBUG=1",
					"$(inherited)",
				);
				GCC_SYMBOLS_PRIVATE_EXTERN = NO;
				GCC_WARN_64_TO_32_BIT_CONVERSION = YES;
				GCC_WARN_ABOUT_RETURN_TYPE = YES_ERROR;
				GCC_WARN_UNDECLARED_SELECTOR = YES;
				GCC_WARN_UNINITIALIZED_AUTOS = YES_AGGRESSIVE;
				GCC_WARN_UNUSED_FUNCTION = YES;
				GCC_WARN_UNUSED_VARIABLE = YES;
				IPHONEOS_DEPLOYMENT_TARGET = 8.1;
				MTL_ENABLE_DEBUG_INFO = YES;
				ONLY_ACTIVE_ARCH = YES;
				SDKROOT = iphoneos;
				SWIFT_OPTIMIZATION_LEVEL = "-Onone";
				TARGETED_DEVICE_FAMILY = "1,2";
			};
			name = Debug;
		};
		F3CA388F1A76DA77004E262E /* Release */ = {
			isa = XCBuildConfiguration;
			buildSettings = {
				ALWAYS_SEARCH_USER_PATHS = NO;
				CLANG_CXX_LANGUAGE_STANDARD = "gnu++0x";
				CLANG_CXX_LIBRARY = "libc++";
				CLANG_ENABLE_MODULES = YES;
				CLANG_ENABLE_OBJC_ARC = YES;
				CLANG_WARN_BOOL_CONVERSION = YES;
				CLANG_WARN_CONSTANT_CONVERSION = YES;
				CLANG_WARN_DIRECT_OBJC_ISA_USAGE = YES_ERROR;
				CLANG_WARN_EMPTY_BODY = YES;
				CLANG_WARN_ENUM_CONVERSION = YES;
				CLANG_WARN_INT_CONVERSION = YES;
				CLANG_WARN_OBJC_ROOT_CLASS = YES_ERROR;
				CLANG_WARN_UNREACHABLE_CODE = YES;
				CLANG_WARN__DUPLICATE_METHOD_MATCH = YES;
				"CODE_SIGN_IDENTITY[sdk=iphoneos*]" = "iPhone Developer";
				COPY_PHASE_STRIP = YES;
				ENABLE_NS_ASSERTIONS = NO;
				ENABLE_STRICT_OBJC_MSGSEND = YES;
				GCC_C_LANGUAGE_STANDARD = gnu99;
				GCC_WARN_64_TO_32_BIT_CONVERSION = YES;
				GCC_WARN_ABOUT_RETURN_TYPE = YES_ERROR;
				GCC_WARN_UNDECLARED_SELECTOR = YES;
				GCC_WARN_UNINITIALIZED_AUTOS = YES_AGGRESSIVE;
				GCC_WARN_UNUSED_FUNCTION = YES;
				GCC_WARN_UNUSED_VARIABLE = YES;
				IPHONEOS_DEPLOYMENT_TARGET = 8.1;
				MTL_ENABLE_DEBUG_INFO = NO;
				SDKROOT = iphoneos;
				TARGETED_DEVICE_FAMILY = "1,2";
				VALIDATE_PRODUCT = YES;
			};
			name = Release;
		};
		F3CA38911A76DA77004E262E /* Debug */ = {
			isa = XCBuildConfiguration;
			buildSettings = {
				ASSETCATALOG_COMPILER_APPICON_NAME = AppIcon;
				INFOPLIST_FILE = Postcard/Info.plist;
				LD_RUNPATH_SEARCH_PATHS = "$(inherited) @executable_path/Frameworks";
				PRODUCT_NAME = "$(TARGET_NAME)";
			};
			name = Debug;
		};
		F3CA38921A76DA77004E262E /* Release */ = {
			isa = XCBuildConfiguration;
			buildSettings = {
				ASSETCATALOG_COMPILER_APPICON_NAME = AppIcon;
				INFOPLIST_FILE = Postcard/Info.plist;
				LD_RUNPATH_SEARCH_PATHS = "$(inherited) @executable_path/Frameworks";
				PRODUCT_NAME = "$(TARGET_NAME)";
			};
			name = Release;
		};
		F3CA38941A76DA77004E262E /* Debug */ = {
			isa = XCBuildConfiguration;
			buildSettings = {
				BUNDLE_LOADER = "$(TEST_HOST)";
				FRAMEWORK_SEARCH_PATHS = (
					"$(SDKROOT)/Developer/Library/Frameworks",
					"$(inherited)",
				);
				GCC_PREPROCESSOR_DEFINITIONS = (
					"DEBUG=1",
					"$(inherited)",
				);
				INFOPLIST_FILE = PostcardTests/Info.plist;
				LD_RUNPATH_SEARCH_PATHS = "$(inherited) @executable_path/Frameworks @loader_path/Frameworks";
				PRODUCT_NAME = "$(TARGET_NAME)";
				TEST_HOST = "$(BUILT_PRODUCTS_DIR)/Postcard.app/Postcard";
			};
			name = Debug;
		};
		F3CA38951A76DA77004E262E /* Release */ = {
			isa = XCBuildConfiguration;
			buildSettings = {
				BUNDLE_LOADER = "$(TEST_HOST)";
				FRAMEWORK_SEARCH_PATHS = (
					"$(SDKROOT)/Developer/Library/Frameworks",
					"$(inherited)",
				);
				INFOPLIST_FILE = PostcardTests/Info.plist;
				LD_RUNPATH_SEARCH_PATHS = "$(inherited) @executable_path/Frameworks @loader_path/Frameworks";
				PRODUCT_NAME = "$(TARGET_NAME)";
				TEST_HOST = "$(BUILT_PRODUCTS_DIR)/Postcard.app/Postcard";
			};
			name = Release;
		};
/* End XCBuildConfiguration section */

/* Begin XCConfigurationList section */
		F3CA386C1A76DA76004E262E /* Build configuration list for PBXProject "Postcard" */ = {
			isa = XCConfigurationList;
			buildConfigurations = (
				F3CA388E1A76DA77004E262E /* Debug */,
				F3CA388F1A76DA77004E262E /* Release */,
			);
			defaultConfigurationIsVisible = 0;
			defaultConfigurationName = Release;
		};
		F3CA38901A76DA77004E262E /* Build configuration list for PBXNativeTarget "Postcard" */ = {
			isa = XCConfigurationList;
			buildConfigurations = (
				F3CA38911A76DA77004E262E /* Debug */,
				F3CA38921A76DA77004E262E /* Release */,
			);
			defaultConfigurationIsVisible = 0;
		};
		F3CA38931A76DA77004E262E /* Build configuration list for PBXNativeTarget "PostcardTests" */ = {
			isa = XCConfigurationList;
			buildConfigurations = (
				F3CA38941A76DA77004E262E /* Debug */,
				F3CA38951A76DA77004E262E /* Release */,
			);
			defaultConfigurationIsVisible = 0;
		};
/* End XCConfigurationList section */
	};
	rootObject = F3CA38691A76DA76004E262E /* Project object */;
}
